
Microsoft Visual Studio Solution File, Format Version 12.00
# Visual Studio 15
VisualStudioVersion = 15.0.26124.0
MinimumVisualStudioVersion = 15.0.26124.0
Project("{FAE04EC0-301F-11D3-BF4B-00C04F79EFBC}") = "API", "API\API.csproj", "{FB17536D-075D-4664-B90C-1E20A6FAB4AC}"
EndProject
Project("{FAE04EC0-301F-11D3-BF4B-00C04F79EFBC}") = "Core", "Core\Core.csproj", "{A1492946-F0E5-4BAA-AC1A-00478CFF24A4}"
EndProject
Project("{FAE04EC0-301F-11D3-BF4B-00C04F79EFBC}") = "Infrastructure", "Infrastructure\Infrastructure.csproj", "{EF34A7D4-4353-4730-8FCC-E539FD296CB9}"
EndProject
Global
	GlobalSection(SolutionConfigurationPlatforms) = preSolution
		Debug|Any CPU = Debug|Any CPU
		Debug|x64 = Debug|x64
		Debug|x86 = Debug|x86
		Release|Any CPU = Release|Any CPU
		Release|x64 = Release|x64
		Release|x86 = Release|x86
	EndGlobalSection
	GlobalSection(SolutionProperties) = preSolution
		HideSolutionNode = FALSE
	EndGlobalSection
	GlobalSection(ProjectConfigurationPlatforms) = postSolution
		{FB17536D-075D-4664-B90C-1E20A6FAB4AC}.Debug|Any CPU.ActiveCfg = Debug|Any CPU
		{FB17536D-075D-4664-B90C-1E20A6FAB4AC}.Debug|Any CPU.Build.0 = Debug|Any CPU
		{FB17536D-075D-4664-B90C-1E20A6FAB4AC}.Debug|x64.ActiveCfg = Debug|Any CPU
		{FB17536D-075D-4664-B90C-1E20A6FAB4AC}.Debug|x64.Build.0 = Debug|Any CPU
		{FB17536D-075D-4664-B90C-1E20A6FAB4AC}.Debug|x86.ActiveCfg = Debug|Any CPU
		{FB17536D-075D-4664-B90C-1E20A6FAB4AC}.Debug|x86.Build.0 = Debug|Any CPU
		{FB17536D-075D-4664-B90C-1E20A6FAB4AC}.Release|Any CPU.ActiveCfg = Release|Any CPU
		{FB17536D-075D-4664-B90C-1E20A6FAB4AC}.Release|Any CPU.Build.0 = Release|Any CPU
		{FB17536D-075D-4664-B90C-1E20A6FAB4AC}.Release|x64.ActiveCfg = Release|Any CPU
		{FB17536D-075D-4664-B90C-1E20A6FAB4AC}.Release|x64.Build.0 = Release|Any CPU
		{FB17536D-075D-4664-B90C-1E20A6FAB4AC}.Release|x86.ActiveCfg = Release|Any CPU
		{FB17536D-075D-4664-B90C-1E20A6FAB4AC}.Release|x86.Build.0 = Release|Any CPU
		{A1492946-F0E5-4BAA-AC1A-00478CFF24A4}.Debug|Any CPU.ActiveCfg = Debug|Any CPU
		{A1492946-F0E5-4BAA-AC1A-00478CFF24A4}.Debug|Any CPU.Build.0 = Debug|Any CPU
		{A1492946-F0E5-4BAA-AC1A-00478CFF24A4}.Debug|x64.ActiveCfg = Debug|Any CPU
		{A1492946-F0E5-4BAA-AC1A-00478CFF24A4}.Debug|x64.Build.0 = Debug|Any CPU
		{A1492946-F0E5-4BAA-AC1A-00478CFF24A4}.Debug|x86.ActiveCfg = Debug|Any CPU
		{A1492946-F0E5-4BAA-AC1A-00478CFF24A4}.Debug|x86.Build.0 = Debug|Any CPU
		{A1492946-F0E5-4BAA-AC1A-00478CFF24A4}.Release|Any CPU.ActiveCfg = Release|Any CPU
		{A1492946-F0E5-4BAA-AC1A-00478CFF24A4}.Release|Any CPU.Build.0 = Release|Any CPU
		{A1492946-F0E5-4BAA-AC1A-00478CFF24A4}.Release|x64.ActiveCfg = Release|Any CPU
		{A1492946-F0E5-4BAA-AC1A-00478CFF24A4}.Release|x64.Build.0 = Release|Any CPU
		{A1492946-F0E5-4BAA-AC1A-00478CFF24A4}.Release|x86.ActiveCfg = Release|Any CPU
		{A1492946-F0E5-4BAA-AC1A-00478CFF24A4}.Release|x86.Build.0 = Release|Any CPU
		{EF34A7D4-4353-4730-8FCC-E539FD296CB9}.Debug|Any CPU.ActiveCfg = Debug|Any CPU
		{EF34A7D4-4353-4730-8FCC-E539FD296CB9}.Debug|Any CPU.Build.0 = Debug|Any CPU
		{EF34A7D4-4353-4730-8FCC-E539FD296CB9}.Debug|x64.ActiveCfg = Debug|Any CPU
		{EF34A7D4-4353-4730-8FCC-E539FD296CB9}.Debug|x64.Build.0 = Debug|Any CPU
		{EF34A7D4-4353-4730-8FCC-E539FD296CB9}.Debug|x86.ActiveCfg = Debug|Any CPU
		{EF34A7D4-4353-4730-8FCC-E539FD296CB9}.Debug|x86.Build.0 = Debug|Any CPU
		{EF34A7D4-4353-4730-8FCC-E539FD296CB9}.Release|Any CPU.ActiveCfg = Release|Any CPU
		{EF34A7D4-4353-4730-8FCC-E539FD296CB9}.Release|Any CPU.Build.0 = Release|Any CPU
		{EF34A7D4-4353-4730-8FCC-E539FD296CB9}.Release|x64.ActiveCfg = Release|Any CPU
		{EF34A7D4-4353-4730-8FCC-E539FD296CB9}.Release|x64.Build.0 = Release|Any CPU
		{EF34A7D4-4353-4730-8FCC-E539FD296CB9}.Release|x86.ActiveCfg = Release|Any CPU
		{EF34A7D4-4353-4730-8FCC-E539FD296CB9}.Release|x86.Build.0 = Release|Any CPU
	EndGlobalSection
EndGlobal
